
Microsoft Visual Studio Solution File, Format Version 12.00
# Visual Studio Version 17
VisualStudioVersion = 17.8.34511.84
MinimumVisualStudioVersion = 10.0.40219.1
Project("{2150E333-8FDC-42A3-9474-1A3956D46DE8}") = "Services", "Services", "{ABDCE30D-DE1A-4D3E-9A16-2FD6E05A911B}"
EndProject
Project("{2150E333-8FDC-42A3-9474-1A3956D46DE8}") = "Gateway", "Gateway", "{EA92AC4B-1A8A-4B94-8F20-D7DDB2141373}"
EndProject
Project("{9A19103F-16F7-4668-BE54-9A1E7A4F7556}") = "JobHunt.Services.AuthAPI", "JobHunt.Services.AuthAPI\JobHunt.Services.AuthAPI.csproj", "{4FFD74FC-2D99-4D31-B407-C7C465B13B54}"
EndProject
Project("{9A19103F-16F7-4668-BE54-9A1E7A4F7556}") = "JobHunt.Services.EmployerAPI", "JobHunt.Services.EmployerAPI\JobHunt.Services.EmployerAPI.csproj", "{A58521EA-8DB7-4031-9C86-DB066ED99D9C}"
EndProject
Project("{9A19103F-16F7-4668-BE54-9A1E7A4F7556}") = "JobHunt.Services.JobSeekerAPI", "JobHunt.Services.JobSeekerAPI\JobHunt.Services.JobSeekerAPI.csproj", "{219118B9-957D-4856-9A8B-98E064C3D1B6}"
EndProject
Project("{9A19103F-16F7-4668-BE54-9A1E7A4F7556}") = "JobHunt.Gateway.APIGateway", "JobHunt.Gateway.APIGateway\JobHunt.Gateway.APIGateway.csproj", "{F3332021-CC2F-4F4C-A1DD-9CADE4B42D16}"
EndProject
Project("{2150E333-8FDC-42A3-9474-1A3956D46DE8}") = "Tests", "Tests", "{2E51BB0B-AA3D-4191-B17E-B046416F942D}"
EndProject
Project("{9A19103F-16F7-4668-BE54-9A1E7A4F7556}") = "JobHunt.Services.AuthAPI.Tests", "JobHunt.Services.AuthAPI.Tests\JobHunt.Services.AuthAPI.Tests.csproj", "{0D747466-D5F3-4EBC-A241-4BDA55B7EDED}"
EndProject
Project("{FAE04EC0-301F-11D3-BF4B-00C04F79EFBC}") = "JobHunt.Services.EmployerAPI.Tests", "JobHunt.Services.EmployerAPI.Tests\JobHunt.Services.EmployerAPI.Tests.csproj", "{E13E7300-5897-4EE9-860F-46425650EE1E}"
EndProject
Global
	GlobalSection(SolutionConfigurationPlatforms) = preSolution
		Debug|Any CPU = Debug|Any CPU
		Release|Any CPU = Release|Any CPU
	EndGlobalSection
	GlobalSection(ProjectConfigurationPlatforms) = postSolution
		{4FFD74FC-2D99-4D31-B407-C7C465B13B54}.Debug|Any CPU.ActiveCfg = Debug|Any CPU
		{4FFD74FC-2D99-4D31-B407-C7C465B13B54}.Debug|Any CPU.Build.0 = Debug|Any CPU
		{4FFD74FC-2D99-4D31-B407-C7C465B13B54}.Release|Any CPU.ActiveCfg = Release|Any CPU
		{4FFD74FC-2D99-4D31-B407-C7C465B13B54}.Release|Any CPU.Build.0 = Release|Any CPU
		{A58521EA-8DB7-4031-9C86-DB066ED99D9C}.Debug|Any CPU.ActiveCfg = Debug|Any CPU
		{A58521EA-8DB7-4031-9C86-DB066ED99D9C}.Debug|Any CPU.Build.0 = Debug|Any CPU
		{A58521EA-8DB7-4031-9C86-DB066ED99D9C}.Release|Any CPU.ActiveCfg = Release|Any CPU
		{A58521EA-8DB7-4031-9C86-DB066ED99D9C}.Release|Any CPU.Build.0 = Release|Any CPU
		{219118B9-957D-4856-9A8B-98E064C3D1B6}.Debug|Any CPU.ActiveCfg = Debug|Any CPU
		{219118B9-957D-4856-9A8B-98E064C3D1B6}.Debug|Any CPU.Build.0 = Debug|Any CPU
		{219118B9-957D-4856-9A8B-98E064C3D1B6}.Release|Any CPU.ActiveCfg = Release|Any CPU
		{219118B9-957D-4856-9A8B-98E064C3D1B6}.Release|Any CPU.Build.0 = Release|Any CPU
		{F3332021-CC2F-4F4C-A1DD-9CADE4B42D16}.Debug|Any CPU.ActiveCfg = Debug|Any CPU
		{F3332021-CC2F-4F4C-A1DD-9CADE4B42D16}.Debug|Any CPU.Build.0 = Debug|Any CPU
		{F3332021-CC2F-4F4C-A1DD-9CADE4B42D16}.Release|Any CPU.ActiveCfg = Release|Any CPU
		{F3332021-CC2F-4F4C-A1DD-9CADE4B42D16}.Release|Any CPU.Build.0 = Release|Any CPU
		{0D747466-D5F3-4EBC-A241-4BDA55B7EDED}.Debug|Any CPU.ActiveCfg = Debug|Any CPU
		{0D747466-D5F3-4EBC-A241-4BDA55B7EDED}.Debug|Any CPU.Build.0 = Debug|Any CPU
		{0D747466-D5F3-4EBC-A241-4BDA55B7EDED}.Release|Any CPU.ActiveCfg = Release|Any CPU
		{0D747466-D5F3-4EBC-A241-4BDA55B7EDED}.Release|Any CPU.Build.0 = Release|Any CPU
		{E13E7300-5897-4EE9-860F-46425650EE1E}.Debug|Any CPU.ActiveCfg = Debug|Any CPU
		{E13E7300-5897-4EE9-860F-46425650EE1E}.Debug|Any CPU.Build.0 = Debug|Any CPU
		{E13E7300-5897-4EE9-860F-46425650EE1E}.Release|Any CPU.ActiveCfg = Release|Any CPU
		{E13E7300-5897-4EE9-860F-46425650EE1E}.Release|Any CPU.Build.0 = Release|Any CPU
	EndGlobalSection
	GlobalSection(SolutionProperties) = preSolution
		HideSolutionNode = FALSE
	EndGlobalSection
	GlobalSection(NestedProjects) = preSolution
		{4FFD74FC-2D99-4D31-B407-C7C465B13B54} = {ABDCE30D-DE1A-4D3E-9A16-2FD6E05A911B}
		{A58521EA-8DB7-4031-9C86-DB066ED99D9C} = {ABDCE30D-DE1A-4D3E-9A16-2FD6E05A911B}
		{219118B9-957D-4856-9A8B-98E064C3D1B6} = {ABDCE30D-DE1A-4D3E-9A16-2FD6E05A911B}
		{F3332021-CC2F-4F4C-A1DD-9CADE4B42D16} = {EA92AC4B-1A8A-4B94-8F20-D7DDB2141373}
		{0D747466-D5F3-4EBC-A241-4BDA55B7EDED} = {2E51BB0B-AA3D-4191-B17E-B046416F942D}
		{E13E7300-5897-4EE9-860F-46425650EE1E} = {2E51BB0B-AA3D-4191-B17E-B046416F942D}
	EndGlobalSection
	GlobalSection(ExtensibilityGlobals) = postSolution
		SolutionGuid = {54D92301-4417-40C1-9DF7-BED6CBA1679C}
	EndGlobalSection
EndGlobal
